
Microsoft Visual Studio Solution File, Format Version 12.00
# Visual Studio Version 16
VisualStudioVersion = 16.0.32228.343
MinimumVisualStudioVersion = 10.0.40219.1
Project("{D2ABAB84-BF74-430A-B69E-9DC6D40DDA17}") = "Ecommerce_CS_SSAS", "Ecommerce_CS_SSAS\Ecommerce_CS_SSAS.dwproj", "{4D7D1AD4-A34A-44DA-971B-B654F2A46692}"
EndProject
Global
	GlobalSection(SolutionConfigurationPlatforms) = preSolution
		Development|Default = Development|Default
	EndGlobalSection
	GlobalSection(ProjectConfigurationPlatforms) = postSolution
		{4D7D1AD4-A34A-44DA-971B-B654F2A46692}.Development|Default.ActiveCfg = Development
		{4D7D1AD4-A34A-44DA-971B-B654F2A46692}.Development|Default.Build.0 = Development
		{4D7D1AD4-A34A-44DA-971B-B654F2A46692}.Development|Default.Deploy.0 = Development
	EndGlobalSection
	GlobalSection(SolutionProperties) = preSolution
		HideSolutionNode = FALSE
	EndGlobalSection
	GlobalSection(ExtensibilityGlobals) = postSolution
		SolutionGuid = {6917CBA6-18FB-481E-8F31-CDAE586A8945}
	EndGlobalSection
EndGlobal
